
Microsoft Visual Studio Solution File, Format Version 12.00
# Visual Studio Version 17
VisualStudioVersion = 17.14.36930.0
MinimumVisualStudioVersion = 10.0.40219.1
Project("{FAE04EC0-301F-11D3-BF4B-00C04F79EFBC}") = "Innowise.MusicIdentityServer", "Innowise.MusicIdentityServer\Innowise.MusicIdentityServer.csproj", "{9A28A4A2-D103-43F1-9760-2EE5333CED77}"
EndProject
Project("{2150E333-8FDC-42A3-9474-1A3956D46DE8}") = "Solution Items", "Solution Items", "{8EC462FD-D22E-90A8-E5CE-7E832BA40C5D}"
EndProject
Project("{FAE04EC0-301F-11D3-BF4B-00C04F79EFBC}") = "Innowise.Music", "Innowise.Music\Innowise.Music.csproj", "{BC1BE75C-00EA-6749-FCE4-10272BE8B1C4}"
EndProject
Project("{E53339B2-1760-4266-BCC7-CA923CBCF16C}") = "docker-compose", "docker-compose.dcproj", "{81DDED9D-158B-E303-5F62-77A2896D2A5A}"
EndProject
Global
	GlobalSection(SolutionConfigurationPlatforms) = preSolution
		Debug|Any CPU = Debug|Any CPU
		Release|Any CPU = Release|Any CPU
	EndGlobalSection
	GlobalSection(ProjectConfigurationPlatforms) = postSolution
		{9A28A4A2-D103-43F1-9760-2EE5333CED77}.Debug|Any CPU.ActiveCfg = Debug|Any CPU
		{9A28A4A2-D103-43F1-9760-2EE5333CED77}.Debug|Any CPU.Build.0 = Debug|Any CPU
		{9A28A4A2-D103-43F1-9760-2EE5333CED77}.Release|Any CPU.ActiveCfg = Release|Any CPU
		{9A28A4A2-D103-43F1-9760-2EE5333CED77}.Release|Any CPU.Build.0 = Release|Any CPU
		{BC1BE75C-00EA-6749-FCE4-10272BE8B1C4}.Debug|Any CPU.ActiveCfg = Debug|Any CPU
		{BC1BE75C-00EA-6749-FCE4-10272BE8B1C4}.Debug|Any CPU.Build.0 = Debug|Any CPU
		{BC1BE75C-00EA-6749-FCE4-10272BE8B1C4}.Debug|Any CPU.Deploy.0 = Debug|Any CPU
		{BC1BE75C-00EA-6749-FCE4-10272BE8B1C4}.Release|Any CPU.ActiveCfg = Release|Any CPU
		{BC1BE75C-00EA-6749-FCE4-10272BE8B1C4}.Release|Any CPU.Build.0 = Release|Any CPU
		{81DDED9D-158B-E303-5F62-77A2896D2A5A}.Debug|Any CPU.ActiveCfg = Debug|Any CPU
		{81DDED9D-158B-E303-5F62-77A2896D2A5A}.Debug|Any CPU.Build.0 = Debug|Any CPU
		{81DDED9D-158B-E303-5F62-77A2896D2A5A}.Release|Any CPU.ActiveCfg = Release|Any CPU
		{81DDED9D-158B-E303-5F62-77A2896D2A5A}.Release|Any CPU.Build.0 = Release|Any CPU
	EndGlobalSection
	GlobalSection(SolutionProperties) = preSolution
		HideSolutionNode = FALSE
	EndGlobalSection
	GlobalSection(ExtensibilityGlobals) = postSolution
		SolutionGuid = {411A978D-093D-4D69-B85F-D65D8E296F82}
	EndGlobalSection
EndGlobal
